// !$*UTF8*$!
{
	archiveVersion = 1;
	classes = {
	};
	objectVersion = 46;
	objects = {

/* Begin PBXBuildFile section */
		B672D33618E16125005DF532 /* Foundation.framework in Frameworks */ = {isa = PBXBuildFile; fileRef = B672D33518E16125005DF532 /* Foundation.framework */; };
		B672D33818E16125005DF532 /* CoreGraphics.framework in Frameworks */ = {isa = PBXBuildFile; fileRef = B672D33718E16125005DF532 /* CoreGraphics.framework */; };
		B672D33A18E16125005DF532 /* UIKit.framework in Frameworks */ = {isa = PBXBuildFile; fileRef = B672D33918E16125005DF532 /* UIKit.framework */; };
		B672D34018E16125005DF532 /* InfoPlist.strings in Resources */ = {isa = PBXBuildFile; fileRef = B672D33E18E16125005DF532 /* InfoPlist.strings */; };
		B672D34218E16125005DF532 /* main.m in Sources */ = {isa = PBXBuildFile; fileRef = B672D34118E16125005DF532 /* main.m */; };
		B672D34618E16125005DF532 /* EXTAppDelegate.m in Sources */ = {isa = PBXBuildFile; fileRef = B672D34518E16125005DF532 /* EXTAppDelegate.m */; };
		B672D34918E16125005DF532 /* Main.storyboard in Resources */ = {isa = PBXBuildFile; fileRef = B672D34718E16125005DF532 /* Main.storyboard */; };
		B672D34C18E16125005DF532 /* EXTViewController.m in Sources */ = {isa = PBXBuildFile; fileRef = B672D34B18E16125005DF532 /* EXTViewController.m */; };
		B672D34E18E16125005DF532 /* Images.xcassets in Resources */ = {isa = PBXBuildFile; fileRef = B672D34D18E16125005DF532 /* Images.xcassets */; };
		B672D35518E16125005DF532 /* XCTest.framework in Frameworks */ = {isa = PBXBuildFile; fileRef = B672D35418E16125005DF532 /* XCTest.framework */; };
		B672D35618E16125005DF532 /* Foundation.framework in Frameworks */ = {isa = PBXBuildFile; fileRef = B672D33518E16125005DF532 /* Foundation.framework */; };
		B672D35718E16125005DF532 /* UIKit.framework in Frameworks */ = {isa = PBXBuildFile; fileRef = B672D33918E16125005DF532 /* UIKit.framework */; };
		B672D35F18E16125005DF532 /* InfoPlist.strings in Resources */ = {isa = PBXBuildFile; fileRef = B672D35D18E16125005DF532 /* InfoPlist.strings */; };
		B672D36118E16125005DF532 /* ExtinctionTests.m in Sources */ = {isa = PBXBuildFile; fileRef = B672D36018E16125005DF532 /* ExtinctionTests.m */; };
		B672D36C18E16EF8005DF532 /* EXTMenuViewController.m in Sources */ = {isa = PBXBuildFile; fileRef = B672D36B18E16EF8005DF532 /* EXTMenuViewController.m */; };
		B6BAFF9718E55A32008C6693 /* Game.m in Sources */ = {isa = PBXBuildFile; fileRef = B6BAFF9218E55A32008C6693 /* Game.m */; };
		B6BAFF9818E55A32008C6693 /* GameCell.m in Sources */ = {isa = PBXBuildFile; fileRef = B6BAFF9418E55A32008C6693 /* GameCell.m */; };
		B6BAFF9918E55A32008C6693 /* GameRow.m in Sources */ = {isa = PBXBuildFile; fileRef = B6BAFF9618E55A32008C6693 /* GameRow.m */; };
		B6BAFFAB18E55A64008C6693 /* cross@2x.png in Resources */ = {isa = PBXBuildFile; fileRef = B6BAFF9B18E55A64008C6693 /* cross@2x.png */; };
		B6BAFFAC18E55A64008C6693 /* fire@2x.png in Resources */ = {isa = PBXBuildFile; fileRef = B6BAFF9C18E55A64008C6693 /* fire@2x.png */; };
		B6BAFFAD18E55A64008C6693 /* hider_all@2x.png in Resources */ = {isa = PBXBuildFile; fileRef = B6BAFF9D18E55A64008C6693 /* hider_all@2x.png */; };
		B6BAFFAE18E55A64008C6693 /* hider_left@2x.png in Resources */ = {isa = PBXBuildFile; fileRef = B6BAFF9E18E55A64008C6693 /* hider_left@2x.png */; };
		B6BAFFAF18E55A64008C6693 /* hider_right@2x.png in Resources */ = {isa = PBXBuildFile; fileRef = B6BAFF9F18E55A64008C6693 /* hider_right@2x.png */; };
		B6BAFFB018E55A64008C6693 /* left_right@2x.png in Resources */ = {isa = PBXBuildFile; fileRef = B6BAFFA018E55A64008C6693 /* left_right@2x.png */; };
		B6BAFFB118E55A64008C6693 /* none@2x.png in Resources */ = {isa = PBXBuildFile; fileRef = B6BAFFA118E55A64008C6693 /* none@2x.png */; };
		B6BAFFB218E55A64008C6693 /* right_left@2x.png in Resources */ = {isa = PBXBuildFile; fileRef = B6BAFFA218E55A64008C6693 /* right_left@2x.png */; };
		B6BAFFB318E55A64008C6693 /* through@2x.png in Resources */ = {isa = PBXBuildFile; fileRef = B6BAFFA318E55A64008C6693 /* through@2x.png */; };
		B6BAFFB418E55A64008C6693 /* water_both@2x.png in Resources */ = {isa = PBXBuildFile; fileRef = B6BAFFA418E55A64008C6693 /* water_both@2x.png */; };
		B6BAFFB518E55A64008C6693 /* water_left@2x.png in Resources */ = {isa = PBXBuildFile; fileRef = B6BAFFA518E55A64008C6693 /* water_left@2x.png */; };
		B6BAFFB618E55A64008C6693 /* water_right@2x.png in Resources */ = {isa = PBXBuildFile; fileRef = B6BAFFA618E55A64008C6693 /* water_right@2x.png */; };
		B6BAFFB718E55A64008C6693 /* y_inv_left@2x.png in Resources */ = {isa = PBXBuildFile; fileRef = B6BAFFA718E55A64008C6693 /* y_inv_left@2x.png */; };
		B6BAFFB818E55A64008C6693 /* y_inv_right@2x.png in Resources */ = {isa = PBXBuildFile; fileRef = B6BAFFA818E55A64008C6693 /* y_inv_right@2x.png */; };
		B6BAFFB918E55A64008C6693 /* y_left@2x.png in Resources */ = {isa = PBXBuildFile; fileRef = B6BAFFA918E55A64008C6693 /* y_left@2x.png */; };
		B6BAFFBA18E55A64008C6693 /* y_right@2x.png in Resources */ = {isa = PBXBuildFile; fileRef = B6BAFFAA18E55A64008C6693 /* y_right@2x.png */; };
		B6BAFFBE18E55DD3008C6693 /* big_circle@2x.png in Resources */ = {isa = PBXBuildFile; fileRef = B6BAFFBD18E55DD3008C6693 /* big_circle@2x.png */; };
		B6BAFFC118E560CA008C6693 /* EXTGameViewController.m in Sources */ = {isa = PBXBuildFile; fileRef = B6BAFFC018E560CA008C6693 /* EXTGameViewController.m */; };
		B6BAFFC418E562B5008C6693 /* EXTImageRowView.m in Sources */ = {isa = PBXBuildFile; fileRef = B6BAFFC318E562B5008C6693 /* EXTImageRowView.m */; };
/* End PBXBuildFile section */

/* Begin PBXContainerItemProxy section */
		B672D35818E16125005DF532 /* PBXContainerItemProxy */ = {
			isa = PBXContainerItemProxy;
			containerPortal = B672D32A18E16125005DF532 /* Project object */;
			proxyType = 1;
			remoteGlobalIDString = B672D33118E16125005DF532;
			remoteInfo = Extinction;
		};
/* End PBXContainerItemProxy section */

/* Begin PBXFileReference section */
		B672D33218E16125005DF532 /* Extinction.app */ = {isa = PBXFileReference; explicitFileType = wrapper.application; includeInIndex = 0; path = Extinction.app; sourceTree = BUILT_PRODUCTS_DIR; };
		B672D33518E16125005DF532 /* Foundation.framework */ = {isa = PBXFileReference; lastKnownFileType = wrapper.framework; name = Foundation.framework; path = System/Library/Frameworks/Foundation.framework; sourceTree = SDKROOT; };
		B672D33718E16125005DF532 /* CoreGraphics.framework */ = {isa = PBXFileReference; lastKnownFileType = wrapper.framework; name = CoreGraphics.framework; path = System/Library/Frameworks/CoreGraphics.framework; sourceTree = SDKROOT; };
		B672D33918E16125005DF532 /* UIKit.framework */ = {isa = PBXFileReference; lastKnownFileType = wrapper.framework; name = UIKit.framework; path = System/Library/Frameworks/UIKit.framework; sourceTree = SDKROOT; };
		B672D33D18E16125005DF532 /* Extinction-Info.plist */ = {isa = PBXFileReference; lastKnownFileType = text.plist.xml; path = "Extinction-Info.plist"; sourceTree = "<group>"; };
		B672D33F18E16125005DF532 /* en */ = {isa = PBXFileReference; lastKnownFileType = text.plist.strings; name = en; path = en.lproj/InfoPlist.strings; sourceTree = "<group>"; };
		B672D34118E16125005DF532 /* main.m */ = {isa = PBXFileReference; lastKnownFileType = sourcecode.c.objc; path = main.m; sourceTree = "<group>"; };
		B672D34318E16125005DF532 /* Extinction-Prefix.pch */ = {isa = PBXFileReference; lastKnownFileType = sourcecode.c.h; path = "Extinction-Prefix.pch"; sourceTree = "<group>"; };
		B672D34418E16125005DF532 /* EXTAppDelegate.h */ = {isa = PBXFileReference; lastKnownFileType = sourcecode.c.h; path = EXTAppDelegate.h; sourceTree = "<group>"; };
		B672D34518E16125005DF532 /* EXTAppDelegate.m */ = {isa = PBXFileReference; lastKnownFileType = sourcecode.c.objc; path = EXTAppDelegate.m; sourceTree = "<group>"; };
		B672D34818E16125005DF532 /* Base */ = {isa = PBXFileReference; lastKnownFileType = file.storyboard; name = Base; path = Base.lproj/Main.storyboard; sourceTree = "<group>"; };
		B672D34A18E16125005DF532 /* EXTViewController.h */ = {isa = PBXFileReference; lastKnownFileType = sourcecode.c.h; path = EXTViewController.h; sourceTree = "<group>"; };
		B672D34B18E16125005DF532 /* EXTViewController.m */ = {isa = PBXFileReference; lastKnownFileType = sourcecode.c.objc; path = EXTViewController.m; sourceTree = "<group>"; };
		B672D34D18E16125005DF532 /* Images.xcassets */ = {isa = PBXFileReference; lastKnownFileType = folder.assetcatalog; path = Images.xcassets; sourceTree = "<group>"; };
		B672D35318E16125005DF532 /* ExtinctionTests.xctest */ = {isa = PBXFileReference; explicitFileType = wrapper.cfbundle; includeInIndex = 0; path = ExtinctionTests.xctest; sourceTree = BUILT_PRODUCTS_DIR; };
		B672D35418E16125005DF532 /* XCTest.framework */ = {isa = PBXFileReference; lastKnownFileType = wrapper.framework; name = XCTest.framework; path = Library/Frameworks/XCTest.framework; sourceTree = DEVELOPER_DIR; };
		B672D35C18E16125005DF532 /* ExtinctionTests-Info.plist */ = {isa = PBXFileReference; lastKnownFileType = text.plist.xml; path = "ExtinctionTests-Info.plist"; sourceTree = "<group>"; };
		B672D35E18E16125005DF532 /* en */ = {isa = PBXFileReference; lastKnownFileType = text.plist.strings; name = en; path = en.lproj/InfoPlist.strings; sourceTree = "<group>"; };
		B672D36018E16125005DF532 /* ExtinctionTests.m */ = {isa = PBXFileReference; lastKnownFileType = sourcecode.c.objc; path = ExtinctionTests.m; sourceTree = "<group>"; };
		B672D36A18E16EF8005DF532 /* EXTMenuViewController.h */ = {isa = PBXFileReference; fileEncoding = 4; lastKnownFileType = sourcecode.c.h; path = EXTMenuViewController.h; sourceTree = "<group>"; };
		B672D36B18E16EF8005DF532 /* EXTMenuViewController.m */ = {isa = PBXFileReference; fileEncoding = 4; lastKnownFileType = sourcecode.c.objc; path = EXTMenuViewController.m; sourceTree = "<group>"; };
		B6BAFF9118E55A32008C6693 /* Game.h */ = {isa = PBXFileReference; fileEncoding = 4; lastKnownFileType = sourcecode.c.h; path = Game.h; sourceTree = "<group>"; };
		B6BAFF9218E55A32008C6693 /* Game.m */ = {isa = PBXFileReference; fileEncoding = 4; lastKnownFileType = sourcecode.c.objc; path = Game.m; sourceTree = "<group>"; };
		B6BAFF9318E55A32008C6693 /* GameCell.h */ = {isa = PBXFileReference; fileEncoding = 4; lastKnownFileType = sourcecode.c.h; path = GameCell.h; sourceTree = "<group>"; };
		B6BAFF9418E55A32008C6693 /* GameCell.m */ = {isa = PBXFileReference; fileEncoding = 4; lastKnownFileType = sourcecode.c.objc; path = GameCell.m; sourceTree = "<group>"; };
		B6BAFF9518E55A32008C6693 /* GameRow.h */ = {isa = PBXFileReference; fileEncoding = 4; lastKnownFileType = sourcecode.c.h; path = GameRow.h; sourceTree = "<group>"; };
		B6BAFF9618E55A32008C6693 /* GameRow.m */ = {isa = PBXFileReference; fileEncoding = 4; lastKnownFileType = sourcecode.c.objc; path = GameRow.m; sourceTree = "<group>"; };
		B6BAFF9B18E55A64008C6693 /* cross@2x.png */ = {isa = PBXFileReference; lastKnownFileType = image.png; path = "cross@2x.png"; sourceTree = "<group>"; };
		B6BAFF9C18E55A64008C6693 /* fire@2x.png */ = {isa = PBXFileReference; lastKnownFileType = image.png; path = "fire@2x.png"; sourceTree = "<group>"; };
		B6BAFF9D18E55A64008C6693 /* hider_all@2x.png */ = {isa = PBXFileReference; lastKnownFileType = image.png; path = "hider_all@2x.png"; sourceTree = "<group>"; };
		B6BAFF9E18E55A64008C6693 /* hider_left@2x.png */ = {isa = PBXFileReference; lastKnownFileType = image.png; path = "hider_left@2x.png"; sourceTree = "<group>"; };
		B6BAFF9F18E55A64008C6693 /* hider_right@2x.png */ = {isa = PBXFileReference; lastKnownFileType = image.png; path = "hider_right@2x.png"; sourceTree = "<group>"; };
		B6BAFFA018E55A64008C6693 /* left_right@2x.png */ = {isa = PBXFileReference; lastKnownFileType = image.png; path = "left_right@2x.png"; sourceTree = "<group>"; };
		B6BAFFA118E55A64008C6693 /* none@2x.png */ = {isa = PBXFileReference; lastKnownFileType = image.png; path = "none@2x.png"; sourceTree = "<group>"; };
		B6BAFFA218E55A64008C6693 /* right_left@2x.png */ = {isa = PBXFileReference; lastKnownFileType = image.png; path = "right_left@2x.png"; sourceTree = "<group>"; };
		B6BAFFA318E55A64008C6693 /* through@2x.png */ = {isa = PBXFileReference; lastKnownFileType = image.png; path = "through@2x.png"; sourceTree = "<group>"; };
		B6BAFFA418E55A64008C6693 /* water_both@2x.png */ = {isa = PBXFileReference; lastKnownFileType = image.png; path = "water_both@2x.png"; sourceTree = "<group>"; };
		B6BAFFA518E55A64008C6693 /* water_left@2x.png */ = {isa = PBXFileReference; lastKnownFileType = image.png; path = "water_left@2x.png"; sourceTree = "<group>"; };
		B6BAFFA618E55A64008C6693 /* water_right@2x.png */ = {isa = PBXFileReference; lastKnownFileType = image.png; path = "water_right@2x.png"; sourceTree = "<group>"; };
		B6BAFFA718E55A64008C6693 /* y_inv_left@2x.png */ = {isa = PBXFileReference; lastKnownFileType = image.png; path = "y_inv_left@2x.png"; sourceTree = "<group>"; };
		B6BAFFA818E55A64008C6693 /* y_inv_right@2x.png */ = {isa = PBXFileReference; lastKnownFileType = image.png; path = "y_inv_right@2x.png"; sourceTree = "<group>"; };
		B6BAFFA918E55A64008C6693 /* y_left@2x.png */ = {isa = PBXFileReference; lastKnownFileType = image.png; path = "y_left@2x.png"; sourceTree = "<group>"; };
		B6BAFFAA18E55A64008C6693 /* y_right@2x.png */ = {isa = PBXFileReference; lastKnownFileType = image.png; path = "y_right@2x.png"; sourceTree = "<group>"; };
		B6BAFFBD18E55DD3008C6693 /* big_circle@2x.png */ = {isa = PBXFileReference; lastKnownFileType = image.png; path = "big_circle@2x.png"; sourceTree = "<group>"; };
		B6BAFFBF18E560CA008C6693 /* EXTGameViewController.h */ = {isa = PBXFileReference; fileEncoding = 4; lastKnownFileType = sourcecode.c.h; path = EXTGameViewController.h; sourceTree = "<group>"; };
		B6BAFFC018E560CA008C6693 /* EXTGameViewController.m */ = {isa = PBXFileReference; fileEncoding = 4; lastKnownFileType = sourcecode.c.objc; path = EXTGameViewController.m; sourceTree = "<group>"; };
		B6BAFFC218E562B5008C6693 /* EXTImageRowView.h */ = {isa = PBXFileReference; fileEncoding = 4; lastKnownFileType = sourcecode.c.h; path = EXTImageRowView.h; sourceTree = "<group>"; };
		B6BAFFC318E562B5008C6693 /* EXTImageRowView.m */ = {isa = PBXFileReference; fileEncoding = 4; lastKnownFileType = sourcecode.c.objc; path = EXTImageRowView.m; sourceTree = "<group>"; };
/* End PBXFileReference section */

/* Begin PBXFrameworksBuildPhase section */
		B672D32F18E16125005DF532 /* Frameworks */ = {
			isa = PBXFrameworksBuildPhase;
			buildActionMask = 2147483647;
			files = (
				B672D33818E16125005DF532 /* CoreGraphics.framework in Frameworks */,
				B672D33A18E16125005DF532 /* UIKit.framework in Frameworks */,
				B672D33618E16125005DF532 /* Foundation.framework in Frameworks */,
			);
			runOnlyForDeploymentPostprocessing = 0;
		};
		B672D35018E16125005DF532 /* Frameworks */ = {
			isa = PBXFrameworksBuildPhase;
			buildActionMask = 2147483647;
			files = (
				B672D35518E16125005DF532 /* XCTest.framework in Frameworks */,
				B672D35718E16125005DF532 /* UIKit.framework in Frameworks */,
				B672D35618E16125005DF532 /* Foundation.framework in Frameworks */,
			);
			runOnlyForDeploymentPostprocessing = 0;
		};
/* End PBXFrameworksBuildPhase section */

/* Begin PBXGroup section */
		B672D32918E16125005DF532 = {
			isa = PBXGroup;
			children = (
				B672D33B18E16125005DF532 /* Extinction */,
				B672D35A18E16125005DF532 /* ExtinctionTests */,
				B672D33418E16125005DF532 /* Frameworks */,
				B672D33318E16125005DF532 /* Products */,
			);
			sourceTree = "<group>";
		};
		B672D33318E16125005DF532 /* Products */ = {
			isa = PBXGroup;
			children = (
				B672D33218E16125005DF532 /* Extinction.app */,
				B672D35318E16125005DF532 /* ExtinctionTests.xctest */,
			);
			name = Products;
			sourceTree = "<group>";
		};
		B672D33418E16125005DF532 /* Frameworks */ = {
			isa = PBXGroup;
			children = (
				B672D33518E16125005DF532 /* Foundation.framework */,
				B672D33718E16125005DF532 /* CoreGraphics.framework */,
				B672D33918E16125005DF532 /* UIKit.framework */,
				B672D35418E16125005DF532 /* XCTest.framework */,
			);
			name = Frameworks;
			sourceTree = "<group>";
		};
		B672D33B18E16125005DF532 /* Extinction */ = {
			isa = PBXGroup;
			children = (
				B6BAFFC218E562B5008C6693 /* EXTImageRowView.h */,
				B6BAFFC318E562B5008C6693 /* EXTImageRowView.m */,
				B6BAFF9A18E55A64008C6693 /* images */,
				B6BAFF9118E55A32008C6693 /* Game.h */,
				B6BAFF9218E55A32008C6693 /* Game.m */,
				B6BAFF9318E55A32008C6693 /* GameCell.h */,
				B6BAFF9418E55A32008C6693 /* GameCell.m */,
				B6BAFF9518E55A32008C6693 /* GameRow.h */,
				B6BAFF9618E55A32008C6693 /* GameRow.m */,
				B672D34418E16125005DF532 /* EXTAppDelegate.h */,
				B672D34518E16125005DF532 /* EXTAppDelegate.m */,
				B672D34718E16125005DF532 /* Main.storyboard */,
				B6BAFFBF18E560CA008C6693 /* EXTGameViewController.h */,
				B6BAFFC018E560CA008C6693 /* EXTGameViewController.m */,
				B672D36A18E16EF8005DF532 /* EXTMenuViewController.h */,
				B672D36B18E16EF8005DF532 /* EXTMenuViewController.m */,
				B672D34A18E16125005DF532 /* EXTViewController.h */,
				B672D34B18E16125005DF532 /* EXTViewController.m */,
				B672D34D18E16125005DF532 /* Images.xcassets */,
				B672D33C18E16125005DF532 /* Supporting Files */,
			);
			path = Extinction;
			sourceTree = "<group>";
		};
		B672D33C18E16125005DF532 /* Supporting Files */ = {
			isa = PBXGroup;
			children = (
				B672D33D18E16125005DF532 /* Extinction-Info.plist */,
				B672D33E18E16125005DF532 /* InfoPlist.strings */,
				B672D34118E16125005DF532 /* main.m */,
				B672D34318E16125005DF532 /* Extinction-Prefix.pch */,
			);
			name = "Supporting Files";
			sourceTree = "<group>";
		};
		B672D35A18E16125005DF532 /* ExtinctionTests */ = {
			isa = PBXGroup;
			children = (
				B672D36018E16125005DF532 /* ExtinctionTests.m */,
				B672D35B18E16125005DF532 /* Supporting Files */,
			);
			path = ExtinctionTests;
			sourceTree = "<group>";
		};
		B672D35B18E16125005DF532 /* Supporting Files */ = {
			isa = PBXGroup;
			children = (
				B672D35C18E16125005DF532 /* ExtinctionTests-Info.plist */,
				B672D35D18E16125005DF532 /* InfoPlist.strings */,
			);
			name = "Supporting Files";
			sourceTree = "<group>";
		};
		B6BAFF9A18E55A64008C6693 /* images */ = {
			isa = PBXGroup;
			children = (
				B6BAFFBD18E55DD3008C6693 /* big_circle@2x.png */,
				B6BAFF9B18E55A64008C6693 /* cross@2x.png */,
				B6BAFF9C18E55A64008C6693 /* fire@2x.png */,
				B6BAFF9D18E55A64008C6693 /* hider_all@2x.png */,
				B6BAFF9E18E55A64008C6693 /* hider_left@2x.png */,
				B6BAFF9F18E55A64008C6693 /* hider_right@2x.png */,
				B6BAFFA018E55A64008C6693 /* left_right@2x.png */,
				B6BAFFA118E55A64008C6693 /* none@2x.png */,
				B6BAFFA218E55A64008C6693 /* right_left@2x.png */,
				B6BAFFA318E55A64008C6693 /* through@2x.png */,
				B6BAFFA418E55A64008C6693 /* water_both@2x.png */,
				B6BAFFA518E55A64008C6693 /* water_left@2x.png */,
				B6BAFFA618E55A64008C6693 /* water_right@2x.png */,
				B6BAFFA718E55A64008C6693 /* y_inv_left@2x.png */,
				B6BAFFA818E55A64008C6693 /* y_inv_right@2x.png */,
				B6BAFFA918E55A64008C6693 /* y_left@2x.png */,
				B6BAFFAA18E55A64008C6693 /* y_right@2x.png */,
			);
			path = images;
			sourceTree = "<group>";
		};
/* End PBXGroup section */

/* Begin PBXNativeTarget section */
		B672D33118E16125005DF532 /* Extinction */ = {
			isa = PBXNativeTarget;
			buildConfigurationList = B672D36418E16125005DF532 /* Build configuration list for PBXNativeTarget "Extinction" */;
			buildPhases = (
				B672D32E18E16125005DF532 /* Sources */,
				B672D32F18E16125005DF532 /* Frameworks */,
				B672D33018E16125005DF532 /* Resources */,
			);
			buildRules = (
			);
			dependencies = (
			);
			name = Extinction;
			productName = Extinction;
			productReference = B672D33218E16125005DF532 /* Extinction.app */;
			productType = "com.apple.product-type.application";
		};
		B672D35218E16125005DF532 /* ExtinctionTests */ = {
			isa = PBXNativeTarget;
			buildConfigurationList = B672D36718E16125005DF532 /* Build configuration list for PBXNativeTarget "ExtinctionTests" */;
			buildPhases = (
				B672D34F18E16125005DF532 /* Sources */,
				B672D35018E16125005DF532 /* Frameworks */,
				B672D35118E16125005DF532 /* Resources */,
			);
			buildRules = (
			);
			dependencies = (
				B672D35918E16125005DF532 /* PBXTargetDependency */,
			);
			name = ExtinctionTests;
			productName = ExtinctionTests;
			productReference = B672D35318E16125005DF532 /* ExtinctionTests.xctest */;
			productType = "com.apple.product-type.bundle.unit-test";
		};
/* End PBXNativeTarget section */

/* Begin PBXProject section */
		B672D32A18E16125005DF532 /* Project object */ = {
			isa = PBXProject;
			attributes = {
				CLASSPREFIX = EXT;
				LastUpgradeCheck = 0510;
				ORGANIZATIONNAME = "Frédéric Leroy";
				TargetAttributes = {
					B672D35218E16125005DF532 = {
						TestTargetID = B672D33118E16125005DF532;
					};
				};
			};
			buildConfigurationList = B672D32D18E16125005DF532 /* Build configuration list for PBXProject "Extinction" */;
			compatibilityVersion = "Xcode 3.2";
			developmentRegion = English;
			hasScannedForEncodings = 0;
			knownRegions = (
				en,
				Base,
			);
			mainGroup = B672D32918E16125005DF532;
			productRefGroup = B672D33318E16125005DF532 /* Products */;
			projectDirPath = "";
			projectRoot = "";
			targets = (
				B672D33118E16125005DF532 /* Extinction */,
				B672D35218E16125005DF532 /* ExtinctionTests */,
			);
		};
/* End PBXProject section */

/* Begin PBXResourcesBuildPhase section */
		B672D33018E16125005DF532 /* Resources */ = {
			isa = PBXResourcesBuildPhase;
			buildActionMask = 2147483647;
			files = (
				B6BAFFB818E55A64008C6693 /* y_inv_right@2x.png in Resources */,
				B6BAFFBE18E55DD3008C6693 /* big_circle@2x.png in Resources */,
				B6BAFFAF18E55A64008C6693 /* hider_right@2x.png in Resources */,
				B6BAFFB018E55A64008C6693 /* left_right@2x.png in Resources */,
				B672D34E18E16125005DF532 /* Images.xcassets in Resources */,
				B6BAFFAC18E55A64008C6693 /* fire@2x.png in Resources */,
				B6BAFFB318E55A64008C6693 /* through@2x.png in Resources */,
				B6BAFFB618E55A64008C6693 /* water_right@2x.png in Resources */,
				B6BAFFB218E55A64008C6693 /* right_left@2x.png in Resources */,
				B672D34018E16125005DF532 /* InfoPlist.strings in Resources */,
				B6BAFFAD18E55A64008C6693 /* hider_all@2x.png in Resources */,
				B672D34918E16125005DF532 /* Main.storyboard in Resources */,
				B6BAFFB918E55A64008C6693 /* y_left@2x.png in Resources */,
				B6BAFFB518E55A64008C6693 /* water_left@2x.png in Resources */,
				B6BAFFAB18E55A64008C6693 /* cross@2x.png in Resources */,
				B6BAFFB418E55A64008C6693 /* water_both@2x.png in Resources */,
				B6BAFFB718E55A64008C6693 /* y_inv_left@2x.png in Resources */,
				B6BAFFB118E55A64008C6693 /* none@2x.png in Resources */,
				B6BAFFAE18E55A64008C6693 /* hider_left@2x.png in Resources */,
				B6BAFFBA18E55A64008C6693 /* y_right@2x.png in Resources */,
			);
			runOnlyForDeploymentPostprocessing = 0;
		};
		B672D35118E16125005DF532 /* Resources */ = {
			isa = PBXResourcesBuildPhase;
			buildActionMask = 2147483647;
			files = (
				B672D35F18E16125005DF532 /* InfoPlist.strings in Resources */,
			);
			runOnlyForDeploymentPostprocessing = 0;
		};
/* End PBXResourcesBuildPhase section */

/* Begin PBXSourcesBuildPhase section */
		B672D32E18E16125005DF532 /* Sources */ = {
			isa = PBXSourcesBuildPhase;
			buildActionMask = 2147483647;
			files = (
				B6BAFF9718E55A32008C6693 /* Game.m in Sources */,
				B672D34C18E16125005DF532 /* EXTViewController.m in Sources */,
				B672D34618E16125005DF532 /* EXTAppDelegate.m in Sources */,
				B6BAFF9918E55A32008C6693 /* GameRow.m in Sources */,
				B6BAFFC418E562B5008C6693 /* EXTImageRowView.m in Sources */,
				B6BAFFC118E560CA008C6693 /* EXTGameViewController.m in Sources */,
				B6BAFF9818E55A32008C6693 /* GameCell.m in Sources */,
				B672D34218E16125005DF532 /* main.m in Sources */,
				B672D36C18E16EF8005DF532 /* EXTMenuViewController.m in Sources */,
			);
			runOnlyForDeploymentPostprocessing = 0;
		};
		B672D34F18E16125005DF532 /* Sources */ = {
			isa = PBXSourcesBuildPhase;
			buildActionMask = 2147483647;
			files = (
				B672D36118E16125005DF532 /* ExtinctionTests.m in Sources */,
			);
			runOnlyForDeploymentPostprocessing = 0;
		};
/* End PBXSourcesBuildPhase section */

/* Begin PBXTargetDependency section */
		B672D35918E16125005DF532 /* PBXTargetDependency */ = {
			isa = PBXTargetDependency;
			target = B672D33118E16125005DF532 /* Extinction */;
			targetProxy = B672D35818E16125005DF532 /* PBXContainerItemProxy */;
		};
/* End PBXTargetDependency section */

/* Begin PBXVariantGroup section */
		B672D33E18E16125005DF532 /* InfoPlist.strings */ = {
			isa = PBXVariantGroup;
			children = (
				B672D33F18E16125005DF532 /* en */,
			);
			name = InfoPlist.strings;
			sourceTree = "<group>";
		};
		B672D34718E16125005DF532 /* Main.storyboard */ = {
			isa = PBXVariantGroup;
			children = (
				B672D34818E16125005DF532 /* Base */,
			);
			name = Main.storyboard;
			sourceTree = "<group>";
		};
		B672D35D18E16125005DF532 /* InfoPlist.strings */ = {
			isa = PBXVariantGroup;
			children = (
				B672D35E18E16125005DF532 /* en */,
			);
			name = InfoPlist.strings;
			sourceTree = "<group>";
		};
/* End PBXVariantGroup section */

/* Begin XCBuildConfiguration section */
		B672D36218E16125005DF532 /* Debug */ = {
			isa = XCBuildConfiguration;
			buildSettings = {
				ALWAYS_SEARCH_USER_PATHS = NO;
				CLANG_CXX_LANGUAGE_STANDARD = "gnu++0x";
				CLANG_CXX_LIBRARY = "libc++";
				CLANG_ENABLE_MODULES = YES;
				CLANG_ENABLE_OBJC_ARC = YES;
				CLANG_WARN_BOOL_CONVERSION = YES;
				CLANG_WARN_CONSTANT_CONVERSION = YES;
				CLANG_WARN_DIRECT_OBJC_ISA_USAGE = YES_ERROR;
				CLANG_WARN_EMPTY_BODY = YES;
				CLANG_WARN_ENUM_CONVERSION = YES;
				CLANG_WARN_INT_CONVERSION = YES;
				CLANG_WARN_OBJC_ROOT_CLASS = YES_ERROR;
				CLANG_WARN__DUPLICATE_METHOD_MATCH = YES;
				"CODE_SIGN_IDENTITY[sdk=iphoneos*]" = "iPhone Developer";
				COPY_PHASE_STRIP = NO;
				GCC_C_LANGUAGE_STANDARD = gnu99;
				GCC_DYNAMIC_NO_PIC = NO;
				GCC_OPTIMIZATION_LEVEL = 0;
				GCC_PREPROCESSOR_DEFINITIONS = (
					"DEBUG=1",
					"$(inherited)",
				);
				GCC_SYMBOLS_PRIVATE_EXTERN = NO;
				GCC_WARN_64_TO_32_BIT_CONVERSION = YES;
				GCC_WARN_ABOUT_RETURN_TYPE = YES_ERROR;
				GCC_WARN_UNDECLARED_SELECTOR = YES;
				GCC_WARN_UNINITIALIZED_AUTOS = YES_AGGRESSIVE;
				GCC_WARN_UNUSED_FUNCTION = YES;
				GCC_WARN_UNUSED_VARIABLE = YES;
				IPHONEOS_DEPLOYMENT_TARGET = 7.1;
				ONLY_ACTIVE_ARCH = YES;
				SDKROOT = iphoneos;
			};
			name = Debug;
		};
		B672D36318E16125005DF532 /* Release */ = {
			isa = XCBuildConfiguration;
			buildSettings = {
				ALWAYS_SEARCH_USER_PATHS = NO;
				CLANG_CXX_LANGUAGE_STANDARD = "gnu++0x";
				CLANG_CXX_LIBRARY = "libc++";
				CLANG_ENABLE_MODULES = YES;
				CLANG_ENABLE_OBJC_ARC = YES;
				CLANG_WARN_BOOL_CONVERSION = YES;
				CLANG_WARN_CONSTANT_CONVERSION = YES;
				CLANG_WARN_DIRECT_OBJC_ISA_USAGE = YES_ERROR;
				CLANG_WARN_EMPTY_BODY = YES;
				CLANG_WARN_ENUM_CONVERSION = YES;
				CLANG_WARN_INT_CONVERSION = YES;
				CLANG_WARN_OBJC_ROOT_CLASS = YES_ERROR;
				CLANG_WARN__DUPLICATE_METHOD_MATCH = YES;
				"CODE_SIGN_IDENTITY[sdk=iphoneos*]" = "iPhone Developer";
				COPY_PHASE_STRIP = YES;
				ENABLE_NS_ASSERTIONS = NO;
				GCC_C_LANGUAGE_STANDARD = gnu99;
				GCC_WARN_64_TO_32_BIT_CONVERSION = YES;
				GCC_WARN_ABOUT_RETURN_TYPE = YES_ERROR;
				GCC_WARN_UNDECLARED_SELECTOR = YES;
				GCC_WARN_UNINITIALIZED_AUTOS = YES_AGGRESSIVE;
				GCC_WARN_UNUSED_FUNCTION = YES;
				GCC_WARN_UNUSED_VARIABLE = YES;
				IPHONEOS_DEPLOYMENT_TARGET = 7.1;
				SDKROOT = iphoneos;
				VALIDATE_PRODUCT = YES;
			};
			name = Release;
		};
		B672D36518E16125005DF532 /* Debug */ = {
			isa = XCBuildConfiguration;
			buildSettings = {
				ASSETCATALOG_COMPILER_APPICON_NAME = AppIcon;
				ASSETCATALOG_COMPILER_LAUNCHIMAGE_NAME = LaunchImage;
				GCC_PRECOMPILE_PREFIX_HEADER = YES;
				GCC_PREFIX_HEADER = "Extinction/Extinction-Prefix.pch";
				INFOPLIST_FILE = "Extinction/Extinction-Info.plist";
				PRODUCT_NAME = "$(TARGET_NAME)";
				WRAPPER_EXTENSION = app;
			};
			name = Debug;
		};
		B672D36618E16125005DF532 /* Release */ = {
			isa = XCBuildConfiguration;
			buildSettings = {
				ASSETCATALOG_COMPILER_APPICON_NAME = AppIcon;
				ASSETCATALOG_COMPILER_LAUNCHIMAGE_NAME = LaunchImage;
				GCC_PRECOMPILE_PREFIX_HEADER = YES;
				GCC_PREFIX_HEADER = "Extinction/Extinction-Prefix.pch";
				INFOPLIST_FILE = "Extinction/Extinction-Info.plist";
				PRODUCT_NAME = "$(TARGET_NAME)";
				WRAPPER_EXTENSION = app;
			};
			name = Release;
		};
		B672D36818E16125005DF532 /* Debug */ = {
			isa = XCBuildConfiguration;
			buildSettings = {
				BUNDLE_LOADER = "$(BUILT_PRODUCTS_DIR)/Extinction.app/Extinction";
				FRAMEWORK_SEARCH_PATHS = (
					"$(SDKROOT)/Developer/Library/Frameworks",
					"$(inherited)",
					"$(DEVELOPER_FRAMEWORKS_DIR)",
				);
				GCC_PRECOMPILE_PREFIX_HEADER = YES;
				GCC_PREFIX_HEADER = "Extinction/Extinction-Prefix.pch";
				GCC_PREPROCESSOR_DEFINITIONS = (
					"DEBUG=1",
					"$(inherited)",
				);
				INFOPLIST_FILE = "ExtinctionTests/ExtinctionTests-Info.plist";
				PRODUCT_NAME = "$(TARGET_NAME)";
				TEST_HOST = "$(BUNDLE_LOADER)";
				WRAPPER_EXTENSION = xctest;
			};
			name = Debug;
		};
		B672D36918E16125005DF532 /* Release */ = {
			isa = XCBuildConfiguration;
			buildSettings = {
				BUNDLE_LOADER = "$(BUILT_PRODUCTS_DIR)/Extinction.app/Extinction";
				FRAMEWORK_SEARCH_PATHS = (
					"$(SDKROOT)/Developer/Library/Frameworks",
					"$(inherited)",
					"$(DEVELOPER_FRAMEWORKS_DIR)",
				);
				GCC_PRECOMPILE_PREFIX_HEADER = YES;
				GCC_PREFIX_HEADER = "Extinction/Extinction-Prefix.pch";
				INFOPLIST_FILE = "ExtinctionTests/ExtinctionTests-Info.plist";
				PRODUCT_NAME = "$(TARGET_NAME)";
				TEST_HOST = "$(BUNDLE_LOADER)";
				WRAPPER_EXTENSION = xctest;
			};
			name = Release;
		};
/* End XCBuildConfiguration section */

/* Begin XCConfigurationList section */
		B672D32D18E16125005DF532 /* Build configuration list for PBXProject "Extinction" */ = {
			isa = XCConfigurationList;
			buildConfigurations = (
				B672D36218E16125005DF532 /* Debug */,
				B672D36318E16125005DF532 /* Release */,
			);
			defaultConfigurationIsVisible = 0;
			defaultConfigurationName = Release;
		};
		B672D36418E16125005DF532 /* Build configuration list for PBXNativeTarget "Extinction" */ = {
			isa = XCConfigurationList;
			buildConfigurations = (
				B672D36518E16125005DF532 /* Debug */,
				B672D36618E16125005DF532 /* Release */,
			);
			defaultConfigurationIsVisible = 0;
			defaultConfigurationName = Release;
		};
		B672D36718E16125005DF532 /* Build configuration list for PBXNativeTarget "ExtinctionTests" */ = {
			isa = XCConfigurationList;
			buildConfigurations = (
				B672D36818E16125005DF532 /* Debug */,
				B672D36918E16125005DF532 /* Release */,
			);
			defaultConfigurationIsVisible = 0;
			defaultConfigurationName = Release;
		};
/* End XCConfigurationList section */
	};
	rootObject = B672D32A18E16125005DF532 /* Project object */;
}
